
Microsoft Visual Studio Solution File, Format Version 12.00
# Visual Studio Version 17
VisualStudioVersion = 17.5.33424.131
MinimumVisualStudioVersion = 10.0.40219.1
Project("{FAE04EC0-301F-11D3-BF4B-00C04F79EFBC}") = "inclass_w5", "inclass_w5\inclass_w5.csproj", "{9BFBDEC4-B260-4AAC-A1B4-FA49AE1183C8}"
EndProject
Global
	GlobalSection(SolutionConfigurationPlatforms) = preSolution
		Debug|Any CPU = Debug|Any CPU
		Release|Any CPU = Release|Any CPU
	EndGlobalSection
	GlobalSection(ProjectConfigurationPlatforms) = postSolution
		{9BFBDEC4-B260-4AAC-A1B4-FA49AE1183C8}.Debug|Any CPU.ActiveCfg = Debug|Any CPU
		{9BFBDEC4-B260-4AAC-A1B4-FA49AE1183C8}.Debug|Any CPU.Build.0 = Debug|Any CPU
		{9BFBDEC4-B260-4AAC-A1B4-FA49AE1183C8}.Release|Any CPU.ActiveCfg = Release|Any CPU
		{9BFBDEC4-B260-4AAC-A1B4-FA49AE1183C8}.Release|Any CPU.Build.0 = Release|Any CPU
	EndGlobalSection
	GlobalSection(SolutionProperties) = preSolution
		HideSolutionNode = FALSE
	EndGlobalSection
	GlobalSection(ExtensibilityGlobals) = postSolution
		SolutionGuid = {469B0473-DE18-4D88-92F5-803D8C0B86DE}
	EndGlobalSection
EndGlobal
